
Microsoft Visual Studio Solution File, Format Version 11.00
# Visual Basic Express 2010
Project("{F184B08F-C81C-45F6-A57F-5ABD9991F28F}") = "programmer", "programmer\programmer.vbproj", "{C444CB1E-56F5-4237-A0E3-BC796800CCFA}"
EndProject
Global
	GlobalSection(SolutionConfigurationPlatforms) = preSolution
		Debug|x86 = Debug|x86
		Release|x86 = Release|x86
	EndGlobalSection
	GlobalSection(ProjectConfigurationPlatforms) = postSolution
		{C444CB1E-56F5-4237-A0E3-BC796800CCFA}.Debug|x86.ActiveCfg = Debug|x86
		{C444CB1E-56F5-4237-A0E3-BC796800CCFA}.Debug|x86.Build.0 = Debug|x86
		{C444CB1E-56F5-4237-A0E3-BC796800CCFA}.Release|x86.ActiveCfg = Release|x86
		{C444CB1E-56F5-4237-A0E3-BC796800CCFA}.Release|x86.Build.0 = Release|x86
	EndGlobalSection
	GlobalSection(SolutionProperties) = preSolution
		HideSolutionNode = FALSE
	EndGlobalSection
EndGlobal
